
Microsoft Visual Studio Solution File, Format Version 12.00
# Visual Studio Version 16
VisualStudioVersion = 16.0.30611.23
MinimumVisualStudioVersion = 10.0.40219.1
Project("{FAE04EC0-301F-11D3-BF4B-00C04F79EFBC}") = "EmailGenerator", "EmailGenerator\EmailGenerator.csproj", "{73619848-6A9B-40DB-82DF-2D65FAA914BE}"
EndProject
Global
	GlobalSection(SolutionConfigurationPlatforms) = preSolution
		Debug|Any CPU = Debug|Any CPU
		Release|Any CPU = Release|Any CPU
	EndGlobalSection
	GlobalSection(ProjectConfigurationPlatforms) = postSolution
		{73619848-6A9B-40DB-82DF-2D65FAA914BE}.Debug|Any CPU.ActiveCfg = Debug|Any CPU
		{73619848-6A9B-40DB-82DF-2D65FAA914BE}.Debug|Any CPU.Build.0 = Debug|Any CPU
		{73619848-6A9B-40DB-82DF-2D65FAA914BE}.Release|Any CPU.ActiveCfg = Release|Any CPU
		{73619848-6A9B-40DB-82DF-2D65FAA914BE}.Release|Any CPU.Build.0 = Release|Any CPU
	EndGlobalSection
	GlobalSection(SolutionProperties) = preSolution
		HideSolutionNode = FALSE
	EndGlobalSection
	GlobalSection(ExtensibilityGlobals) = postSolution
		SolutionGuid = {847369C7-C4A6-4BFE-A6E5-0BF46A8FDCE4}
	EndGlobalSection
EndGlobal
